{
    "_meta": {
        "hash": {
            "sha256": "44a2006c840cfcfa4b8855e84f23bc17646a2b9634c870d36836c27d43571d6c"
        },
        "pipfile-spec": 6,
        "requires": {
            "python_version": "3.8"
        },
        "sources": [
            {
                "name": "pypi",
                "url": "https://pypi.org/simple",
                "verify_ssl": true
            }
        ]
    },
    "default": {

    },
    "develop": {}
}
